
Microsoft Visual Studio Solution File, Format Version 12.00
# Visual Studio 15
VisualStudioVersion = 15.0.28010.2003
MinimumVisualStudioVersion = 10.0.40219.1
Project("{151D2E53-A2C4-4D7D-83FE-D05416EBD58E}") = "AzurePAW-POC-ADFS", "AzurePAW-POC-ADFS\AzurePAW-POC-ADFS.deployproj", "{0690D63E-0E9C-4DDE-B242-4479F2E32233}"
EndProject
Global
	GlobalSection(SolutionConfigurationPlatforms) = preSolution
		Debug|Any CPU = Debug|Any CPU
		Release|Any CPU = Release|Any CPU
	EndGlobalSection
	GlobalSection(ProjectConfigurationPlatforms) = postSolution
		{0690D63E-0E9C-4DDE-B242-4479F2E32233}.Debug|Any CPU.ActiveCfg = Debug|Any CPU
		{0690D63E-0E9C-4DDE-B242-4479F2E32233}.Debug|Any CPU.Build.0 = Debug|Any CPU
		{0690D63E-0E9C-4DDE-B242-4479F2E32233}.Release|Any CPU.ActiveCfg = Release|Any CPU
		{0690D63E-0E9C-4DDE-B242-4479F2E32233}.Release|Any CPU.Build.0 = Release|Any CPU
	EndGlobalSection
	GlobalSection(SolutionProperties) = preSolution
		HideSolutionNode = FALSE
	EndGlobalSection
	GlobalSection(ExtensibilityGlobals) = postSolution
		SolutionGuid = {52D08C5B-A9F5-47CD-A661-C85FE94E6959}
	EndGlobalSection
EndGlobal
